// !$*UTF8*$!
{
	archiveVersion = 1;
	classes = {
	};
	objectVersion = 48;
	objects = {

/* Begin PBXBuildFile section */
		B1E5CBD2E8EBC44D7C2FADE4 /* Pods_TestApp.framework in Frameworks */ = {isa = PBXBuildFile; fileRef = D47957F2801C73CC0B541181 /* Pods_TestApp.framework */; };
		C714D0921FD7F1BE00A15970 /* AppDelegate.swift in Sources */ = {isa = PBXBuildFile; fileRef = C714D0911FD7F1BE00A15970 /* AppDelegate.swift */; };
		C714D0941FD7F1BE00A15970 /* FirstViewController.swift in Sources */ = {isa = PBXBuildFile; fileRef = C714D0931FD7F1BE00A15970 /* FirstViewController.swift */; };
		C714D0961FD7F1BE00A15970 /* SecondViewController.swift in Sources */ = {isa = PBXBuildFile; fileRef = C714D0951FD7F1BE00A15970 /* SecondViewController.swift */; };
		C714D0991FD7F1BE00A15970 /* Main.storyboard in Resources */ = {isa = PBXBuildFile; fileRef = C714D0971FD7F1BE00A15970 /* Main.storyboard */; };
		C714D09B1FD7F1BE00A15970 /* Assets.xcassets in Resources */ = {isa = PBXBuildFile; fileRef = C714D09A1FD7F1BE00A15970 /* Assets.xcassets */; };
		C714D09E1FD7F1BE00A15970 /* LaunchScreen.storyboard in Resources */ = {isa = PBXBuildFile; fileRef = C714D09C1FD7F1BE00A15970 /* LaunchScreen.storyboard */; };
		C714D0A61FD7F64200A15970 /* Weather.swift in Sources */ = {isa = PBXBuildFile; fileRef = C714D0A51FD7F64200A15970 /* Weather.swift */; };
		C7F1D04B1FD9EDCB005481D6 /* ParentViewController.swift in Sources */ = {isa = PBXBuildFile; fileRef = C7F1D04A1FD9EDCB005481D6 /* ParentViewController.swift */; };
		C7F1D04D1FD9EE8E005481D6 /* HTTPStatusCode.swift in Sources */ = {isa = PBXBuildFile; fileRef = C7F1D04C1FD9EE8E005481D6 /* HTTPStatusCode.swift */; };
		C7F9252A1FDA8AAD00D40650 /* GoogleService-Info.plist in Resources */ = {isa = PBXBuildFile; fileRef = C7F925291FDA8AAC00D40650 /* GoogleService-Info.plist */; };
		C7F9252C1FDA8C0700D40650 /* ThirdViewController.swift in Sources */ = {isa = PBXBuildFile; fileRef = C7F9252B1FDA8C0700D40650 /* ThirdViewController.swift */; };
/* End PBXBuildFile section */

/* Begin PBXFileReference section */
		C714D08E1FD7F1BE00A15970 /* TestApp.app */ = {isa = PBXFileReference; explicitFileType = wrapper.application; includeInIndex = 0; path = TestApp.app; sourceTree = BUILT_PRODUCTS_DIR; };
		C714D0911FD7F1BE00A15970 /* AppDelegate.swift */ = {isa = PBXFileReference; lastKnownFileType = sourcecode.swift; path = AppDelegate.swift; sourceTree = "<group>"; };
		C714D0931FD7F1BE00A15970 /* FirstViewController.swift */ = {isa = PBXFileReference; lastKnownFileType = sourcecode.swift; path = FirstViewController.swift; sourceTree = "<group>"; };
		C714D0951FD7F1BE00A15970 /* SecondViewController.swift */ = {isa = PBXFileReference; lastKnownFileType = sourcecode.swift; path = SecondViewController.swift; sourceTree = "<group>"; };
		C714D0981FD7F1BE00A15970 /* Base */ = {isa = PBXFileReference; lastKnownFileType = file.storyboard; name = Base; path = Base.lproj/Main.storyboard; sourceTree = "<group>"; };
		C714D09A1FD7F1BE00A15970 /* Assets.xcassets */ = {isa = PBXFileReference; lastKnownFileType = folder.assetcatalog; path = Assets.xcassets; sourceTree = "<group>"; };
		C714D09D1FD7F1BE00A15970 /* Base */ = {isa = PBXFileReference; lastKnownFileType = file.storyboard; name = Base; path = Base.lproj/LaunchScreen.storyboard; sourceTree = "<group>"; };
		C714D09F1FD7F1BE00A15970 /* Info.plist */ = {isa = PBXFileReference; lastKnownFileType = text.plist.xml; path = Info.plist; sourceTree = "<group>"; };
		C714D0A51FD7F64200A15970 /* Weather.swift */ = {isa = PBXFileReference; lastKnownFileType = sourcecode.swift; path = Weather.swift; sourceTree = "<group>"; };
		C7F1D04A1FD9EDCB005481D6 /* ParentViewController.swift */ = {isa = PBXFileReference; lastKnownFileType = sourcecode.swift; path = ParentViewController.swift; sourceTree = "<group>"; };
		C7F1D04C1FD9EE8E005481D6 /* HTTPStatusCode.swift */ = {isa = PBXFileReference; lastKnownFileType = sourcecode.swift; path = HTTPStatusCode.swift; sourceTree = "<group>"; };
		C7F925291FDA8AAC00D40650 /* GoogleService-Info.plist */ = {isa = PBXFileReference; fileEncoding = 4; lastKnownFileType = text.plist.xml; path = "GoogleService-Info.plist"; sourceTree = "<group>"; };
		C7F9252B1FDA8C0700D40650 /* ThirdViewController.swift */ = {isa = PBXFileReference; lastKnownFileType = sourcecode.swift; path = ThirdViewController.swift; sourceTree = "<group>"; };
		D47957F2801C73CC0B541181 /* Pods_TestApp.framework */ = {isa = PBXFileReference; explicitFileType = wrapper.framework; includeInIndex = 0; path = Pods_TestApp.framework; sourceTree = BUILT_PRODUCTS_DIR; };
		EC247A5EF5B11FFA7C9C7BB6 /* Pods-TestApp.release.xcconfig */ = {isa = PBXFileReference; includeInIndex = 1; lastKnownFileType = text.xcconfig; name = "Pods-TestApp.release.xcconfig"; path = "Pods/Target Support Files/Pods-TestApp/Pods-TestApp.release.xcconfig"; sourceTree = "<group>"; };
		ED445B4FA3ED6E16D956D3D4 /* Pods-TestApp.debug.xcconfig */ = {isa = PBXFileReference; includeInIndex = 1; lastKnownFileType = text.xcconfig; name = "Pods-TestApp.debug.xcconfig"; path = "Pods/Target Support Files/Pods-TestApp/Pods-TestApp.debug.xcconfig"; sourceTree = "<group>"; };
/* End PBXFileReference section */

/* Begin PBXFrameworksBuildPhase section */
		C714D08B1FD7F1BE00A15970 /* Frameworks */ = {
			isa = PBXFrameworksBuildPhase;
			buildActionMask = 2147483647;
			files = (
				B1E5CBD2E8EBC44D7C2FADE4 /* Pods_TestApp.framework in Frameworks */,
			);
			runOnlyForDeploymentPostprocessing = 0;
		};
/* End PBXFrameworksBuildPhase section */

/* Begin PBXGroup section */
		51BF2919D6209C8D43A7CA7F /* Pods */ = {
			isa = PBXGroup;
			children = (
				ED445B4FA3ED6E16D956D3D4 /* Pods-TestApp.debug.xcconfig */,
				EC247A5EF5B11FFA7C9C7BB6 /* Pods-TestApp.release.xcconfig */,
			);
			name = Pods;
			sourceTree = "<group>";
		};
		C714D0851FD7F1BE00A15970 = {
			isa = PBXGroup;
			children = (
				C714D0901FD7F1BE00A15970 /* TestApp */,
				C714D08F1FD7F1BE00A15970 /* Products */,
				51BF2919D6209C8D43A7CA7F /* Pods */,
				D4F16E220FF17C009060C61C /* Frameworks */,
			);
			sourceTree = "<group>";
		};
		C714D08F1FD7F1BE00A15970 /* Products */ = {
			isa = PBXGroup;
			children = (
				C714D08E1FD7F1BE00A15970 /* TestApp.app */,
			);
			name = Products;
			sourceTree = "<group>";
		};
		C714D0901FD7F1BE00A15970 /* TestApp */ = {
			isa = PBXGroup;
			children = (
				C714D0A91FD7FA2200A15970 /* Controllers */,
				C7B5E1771FD9BB160016128A /* Model */,
				C714D0971FD7F1BE00A15970 /* Main.storyboard */,
				C7F925291FDA8AAC00D40650 /* GoogleService-Info.plist */,
				C714D09F1FD7F1BE00A15970 /* Info.plist */,
				C7B5E1781FD9BB400016128A /* Supporting files */,
				C7F1D04E1FD9F569005481D6 /* Common */,
			);
			path = TestApp;
			sourceTree = "<group>";
		};
		C714D0A91FD7FA2200A15970 /* Controllers */ = {
			isa = PBXGroup;
			children = (
				C714D0931FD7F1BE00A15970 /* FirstViewController.swift */,
				C714D0951FD7F1BE00A15970 /* SecondViewController.swift */,
				C7F9252B1FDA8C0700D40650 /* ThirdViewController.swift */,
			);
			path = Controllers;
			sourceTree = "<group>";
		};
		C7B5E1771FD9BB160016128A /* Model */ = {
			isa = PBXGroup;
			children = (
				C714D0A51FD7F64200A15970 /* Weather.swift */,
			);
			path = Model;
			sourceTree = "<group>";
		};
		C7B5E1781FD9BB400016128A /* Supporting files */ = {
			isa = PBXGroup;
			children = (
				C714D0911FD7F1BE00A15970 /* AppDelegate.swift */,
				C714D09A1FD7F1BE00A15970 /* Assets.xcassets */,
				C714D09C1FD7F1BE00A15970 /* LaunchScreen.storyboard */,
			);
			path = "Supporting files";
			sourceTree = "<group>";
		};
		C7F1D04E1FD9F569005481D6 /* Common */ = {
			isa = PBXGroup;
			children = (
				C7F1D04A1FD9EDCB005481D6 /* ParentViewController.swift */,
				C7F1D04C1FD9EE8E005481D6 /* HTTPStatusCode.swift */,
			);
			path = Common;
			sourceTree = "<group>";
		};
		D4F16E220FF17C009060C61C /* Frameworks */ = {
			isa = PBXGroup;
			children = (
				D47957F2801C73CC0B541181 /* Pods_TestApp.framework */,
			);
			name = Frameworks;
			sourceTree = "<group>";
		};
/* End PBXGroup section */

/* Begin PBXNativeTarget section */
		C714D08D1FD7F1BE00A15970 /* TestApp */ = {
			isa = PBXNativeTarget;
			buildConfigurationList = C714D0A21FD7F1BE00A15970 /* Build configuration list for PBXNativeTarget "TestApp" */;
			buildPhases = (
				BC474932CF7E3A6EFA9F8C08 /* [CP] Check Pods Manifest.lock */,
				C714D08A1FD7F1BE00A15970 /* Sources */,
				C714D08B1FD7F1BE00A15970 /* Frameworks */,
				C714D08C1FD7F1BE00A15970 /* Resources */,
				44C0791FF0E5B5BD03C08F23 /* [CP] Embed Pods Frameworks */,
				F788444F5F3D7344D01AC3BE /* [CP] Copy Pods Resources */,
			);
			buildRules = (
			);
			dependencies = (
			);
			name = TestApp;
			productName = TestApp;
			productReference = C714D08E1FD7F1BE00A15970 /* TestApp.app */;
			productType = "com.apple.product-type.application";
		};
/* End PBXNativeTarget section */

/* Begin PBXProject section */
		C714D0861FD7F1BE00A15970 /* Project object */ = {
			isa = PBXProject;
			attributes = {
				LastSwiftUpdateCheck = 0920;
				LastUpgradeCheck = 0920;
				ORGANIZATIONNAME = Alina;
				TargetAttributes = {
					C714D08D1FD7F1BE00A15970 = {
						CreatedOnToolsVersion = 9.2;
						ProvisioningStyle = Automatic;
					};
				};
			};
			buildConfigurationList = C714D0891FD7F1BE00A15970 /* Build configuration list for PBXProject "TestApp" */;
			compatibilityVersion = "Xcode 8.0";
			developmentRegion = en;
			hasScannedForEncodings = 0;
			knownRegions = (
				en,
				Base,
			);
			mainGroup = C714D0851FD7F1BE00A15970;
			productRefGroup = C714D08F1FD7F1BE00A15970 /* Products */;
			projectDirPath = "";
			projectRoot = "";
			targets = (
				C714D08D1FD7F1BE00A15970 /* TestApp */,
			);
		};
/* End PBXProject section */

/* Begin PBXResourcesBuildPhase section */
		C714D08C1FD7F1BE00A15970 /* Resources */ = {
			isa = PBXResourcesBuildPhase;
			buildActionMask = 2147483647;
			files = (
				C714D09E1FD7F1BE00A15970 /* LaunchScreen.storyboard in Resources */,
				C7F9252A1FDA8AAD00D40650 /* GoogleService-Info.plist in Resources */,
				C714D09B1FD7F1BE00A15970 /* Assets.xcassets in Resources */,
				C714D0991FD7F1BE00A15970 /* Main.storyboard in Resources */,
			);
			runOnlyForDeploymentPostprocessing = 0;
		};
/* End PBXResourcesBuildPhase section */

/* Begin PBXShellScriptBuildPhase section */
		44C0791FF0E5B5BD03C08F23 /* [CP] Embed Pods Frameworks */ = {
			isa = PBXShellScriptBuildPhase;
			buildActionMask = 2147483647;
			files = (
			);
			inputPaths = (
				"${SRCROOT}/Pods/Target Support Files/Pods-TestApp/Pods-TestApp-frameworks.sh",
				"${BUILT_PRODUCTS_DIR}/GTMOAuth2/GTMOAuth2.framework",
				"${BUILT_PRODUCTS_DIR}/GTMSessionFetcher/GTMSessionFetcher.framework",
				"${BUILT_PRODUCTS_DIR}/GoogleToolboxForMac/GoogleToolboxForMac.framework",
			);
			name = "[CP] Embed Pods Frameworks";
			outputPaths = (
				"${TARGET_BUILD_DIR}/${FRAMEWORKS_FOLDER_PATH}/GTMOAuth2.framework",
				"${TARGET_BUILD_DIR}/${FRAMEWORKS_FOLDER_PATH}/GTMSessionFetcher.framework",
				"${TARGET_BUILD_DIR}/${FRAMEWORKS_FOLDER_PATH}/GoogleToolboxForMac.framework",
			);
			runOnlyForDeploymentPostprocessing = 0;
			shellPath = /bin/sh;
			shellScript = "\"${SRCROOT}/Pods/Target Support Files/Pods-TestApp/Pods-TestApp-frameworks.sh\"\n";
			showEnvVarsInLog = 0;
		};
		BC474932CF7E3A6EFA9F8C08 /* [CP] Check Pods Manifest.lock */ = {
			isa = PBXShellScriptBuildPhase;
			buildActionMask = 2147483647;
			files = (
			);
			inputPaths = (
				"${PODS_PODFILE_DIR_PATH}/Podfile.lock",
				"${PODS_ROOT}/Manifest.lock",
			);
			name = "[CP] Check Pods Manifest.lock";
			outputPaths = (
				"$(DERIVED_FILE_DIR)/Pods-TestApp-checkManifestLockResult.txt",
			);
			runOnlyForDeploymentPostprocessing = 0;
			shellPath = /bin/sh;
			shellScript = "diff \"${PODS_PODFILE_DIR_PATH}/Podfile.lock\" \"${PODS_ROOT}/Manifest.lock\" > /dev/null\nif [ $? != 0 ] ; then\n    # print error to STDERR\n    echo \"error: The sandbox is not in sync with the Podfile.lock. Run 'pod install' or update your CocoaPods installation.\" >&2\n    exit 1\nfi\n# This output is used by Xcode 'outputs' to avoid re-running this script phase.\necho \"SUCCESS\" > \"${SCRIPT_OUTPUT_FILE_0}\"\n";
			showEnvVarsInLog = 0;
		};
		F788444F5F3D7344D01AC3BE /* [CP] Copy Pods Resources */ = {
			isa = PBXShellScriptBuildPhase;
			buildActionMask = 2147483647;
			files = (
			);
			inputPaths = (
				"${SRCROOT}/Pods/Target Support Files/Pods-TestApp/Pods-TestApp-resources.sh",
				"${PODS_ROOT}/GoogleSignIn/Resources/GoogleSignIn.bundle",
			);
			name = "[CP] Copy Pods Resources";
			outputPaths = (
				"${TARGET_BUILD_DIR}/${UNLOCALIZED_RESOURCES_FOLDER_PATH}",
			);
			runOnlyForDeploymentPostprocessing = 0;
			shellPath = /bin/sh;
			shellScript = "\"${SRCROOT}/Pods/Target Support Files/Pods-TestApp/Pods-TestApp-resources.sh\"\n";
			showEnvVarsInLog = 0;
		};
/* End PBXShellScriptBuildPhase section */

/* Begin PBXSourcesBuildPhase section */
		C714D08A1FD7F1BE00A15970 /* Sources */ = {
			isa = PBXSourcesBuildPhase;
			buildActionMask = 2147483647;
			files = (
				C7F1D04D1FD9EE8E005481D6 /* HTTPStatusCode.swift in Sources */,
				C714D0A61FD7F64200A15970 /* Weather.swift in Sources */,
				C7F1D04B1FD9EDCB005481D6 /* ParentViewController.swift in Sources */,
				C7F9252C1FDA8C0700D40650 /* ThirdViewController.swift in Sources */,
				C714D0961FD7F1BE00A15970 /* SecondViewController.swift in Sources */,
				C714D0921FD7F1BE00A15970 /* AppDelegate.swift in Sources */,
				C714D0941FD7F1BE00A15970 /* FirstViewController.swift in Sources */,
			);
			runOnlyForDeploymentPostprocessing = 0;
		};
/* End PBXSourcesBuildPhase section */

/* Begin PBXVariantGroup section */
		C714D0971FD7F1BE00A15970 /* Main.storyboard */ = {
			isa = PBXVariantGroup;
			children = (
				C714D0981FD7F1BE00A15970 /* Base */,
			);
			name = Main.storyboard;
			sourceTree = "<group>";
		};
		C714D09C1FD7F1BE00A15970 /* LaunchScreen.storyboard */ = {
			isa = PBXVariantGroup;
			children = (
				C714D09D1FD7F1BE00A15970 /* Base */,
			);
			name = LaunchScreen.storyboard;
			sourceTree = "<group>";
		};
/* End PBXVariantGroup section */

/* Begin XCBuildConfiguration section */
		C714D0A01FD7F1BE00A15970 /* Debug */ = {
			isa = XCBuildConfiguration;
			buildSettings = {
				ALWAYS_SEARCH_USER_PATHS = NO;
				CLANG_ANALYZER_NONNULL = YES;
				CLANG_ANALYZER_NUMBER_OBJECT_CONVERSION = YES_AGGRESSIVE;
				CLANG_CXX_LANGUAGE_STANDARD = "gnu++14";
				CLANG_CXX_LIBRARY = "libc++";
				CLANG_ENABLE_MODULES = YES;
				CLANG_ENABLE_OBJC_ARC = YES;
				CLANG_WARN_BLOCK_CAPTURE_AUTORELEASING = YES;
				CLANG_WARN_BOOL_CONVERSION = YES;
				CLANG_WARN_COMMA = YES;
				CLANG_WARN_CONSTANT_CONVERSION = YES;
				CLANG_WARN_DIRECT_OBJC_ISA_USAGE = YES_ERROR;
				CLANG_WARN_DOCUMENTATION_COMMENTS = YES;
				CLANG_WARN_EMPTY_BODY = YES;
				CLANG_WARN_ENUM_CONVERSION = YES;
				CLANG_WARN_INFINITE_RECURSION = YES;
				CLANG_WARN_INT_CONVERSION = YES;
				CLANG_WARN_NON_LITERAL_NULL_CONVERSION = YES;
				CLANG_WARN_OBJC_LITERAL_CONVERSION = YES;
				CLANG_WARN_OBJC_ROOT_CLASS = YES_ERROR;
				CLANG_WARN_RANGE_LOOP_ANALYSIS = YES;
				CLANG_WARN_STRICT_PROTOTYPES = YES;
				CLANG_WARN_SUSPICIOUS_MOVE = YES;
				CLANG_WARN_UNGUARDED_AVAILABILITY = YES_AGGRESSIVE;
				CLANG_WARN_UNREACHABLE_CODE = YES;
				CLANG_WARN__DUPLICATE_METHOD_MATCH = YES;
				CODE_SIGN_IDENTITY = "iPhone Developer";
				COPY_PHASE_STRIP = NO;
				DEBUG_INFORMATION_FORMAT = dwarf;
				ENABLE_STRICT_OBJC_MSGSEND = YES;
				ENABLE_TESTABILITY = YES;
				GCC_C_LANGUAGE_STANDARD = gnu11;
				GCC_DYNAMIC_NO_PIC = NO;
				GCC_NO_COMMON_BLOCKS = YES;
				GCC_OPTIMIZATION_LEVEL = 0;
				GCC_PREPROCESSOR_DEFINITIONS = (
					"DEBUG=1",
					"$(inherited)",
				);
				GCC_WARN_64_TO_32_BIT_CONVERSION = YES;
				GCC_WARN_ABOUT_RETURN_TYPE = YES_ERROR;
				GCC_WARN_UNDECLARED_SELECTOR = YES;
				GCC_WARN_UNINITIALIZED_AUTOS = YES_AGGRESSIVE;
				GCC_WARN_UNUSED_FUNCTION = YES;
				GCC_WARN_UNUSED_VARIABLE = YES;
				IPHONEOS_DEPLOYMENT_TARGET = 11.2;
				MTL_ENABLE_DEBUG_INFO = YES;
				ONLY_ACTIVE_ARCH = YES;
				SDKROOT = iphoneos;
				SWIFT_ACTIVE_COMPILATION_CONDITIONS = DEBUG;
				SWIFT_OPTIMIZATION_LEVEL = "-Onone";
			};
			name = Debug;
		};
		C714D0A11FD7F1BE00A15970 /* Release */ = {
			isa = XCBuildConfiguration;
			buildSettings = {
				ALWAYS_SEARCH_USER_PATHS = NO;
				CLANG_ANALYZER_NONNULL = YES;
				CLANG_ANALYZER_NUMBER_OBJECT_CONVERSION = YES_AGGRESSIVE;
				CLANG_CXX_LANGUAGE_STANDARD = "gnu++14";
				CLANG_CXX_LIBRARY = "libc++";
				CLANG_ENABLE_MODULES = YES;
				CLANG_ENABLE_OBJC_ARC = YES;
				CLANG_WARN_BLOCK_CAPTURE_AUTORELEASING = YES;
				CLANG_WARN_BOOL_CONVERSION = YES;
				CLANG_WARN_COMMA = YES;
				CLANG_WARN_CONSTANT_CONVERSION = YES;
				CLANG_WARN_DIRECT_OBJC_ISA_USAGE = YES_ERROR;
				CLANG_WARN_DOCUMENTATION_COMMENTS = YES;
				CLANG_WARN_EMPTY_BODY = YES;
				CLANG_WARN_ENUM_CONVERSION = YES;
				CLANG_WARN_INFINITE_RECURSION = YES;
				CLANG_WARN_INT_CONVERSION = YES;
				CLANG_WARN_NON_LITERAL_NULL_CONVERSION = YES;
				CLANG_WARN_OBJC_LITERAL_CONVERSION = YES;
				CLANG_WARN_OBJC_ROOT_CLASS = YES_ERROR;
				CLANG_WARN_RANGE_LOOP_ANALYSIS = YES;
				CLANG_WARN_STRICT_PROTOTYPES = YES;
				CLANG_WARN_SUSPICIOUS_MOVE = YES;
				CLANG_WARN_UNGUARDED_AVAILABILITY = YES_AGGRESSIVE;
				CLANG_WARN_UNREACHABLE_CODE = YES;
				CLANG_WARN__DUPLICATE_METHOD_MATCH = YES;
				CODE_SIGN_IDENTITY = "iPhone Developer";
				COPY_PHASE_STRIP = NO;
				DEBUG_INFORMATION_FORMAT = "dwarf-with-dsym";
				ENABLE_NS_ASSERTIONS = NO;
				ENABLE_STRICT_OBJC_MSGSEND = YES;
				GCC_C_LANGUAGE_STANDARD = gnu11;
				GCC_NO_COMMON_BLOCKS = YES;
				GCC_WARN_64_TO_32_BIT_CONVERSION = YES;
				GCC_WARN_ABOUT_RETURN_TYPE = YES_ERROR;
				GCC_WARN_UNDECLARED_SELECTOR = YES;
				GCC_WARN_UNINITIALIZED_AUTOS = YES_AGGRESSIVE;
				GCC_WARN_UNUSED_FUNCTION = YES;
				GCC_WARN_UNUSED_VARIABLE = YES;
				IPHONEOS_DEPLOYMENT_TARGET = 11.2;
				MTL_ENABLE_DEBUG_INFO = NO;
				SDKROOT = iphoneos;
				SWIFT_OPTIMIZATION_LEVEL = "-Owholemodule";
				VALIDATE_PRODUCT = YES;
			};
			name = Release;
		};
		C714D0A31FD7F1BE00A15970 /* Debug */ = {
			isa = XCBuildConfiguration;
			baseConfigurationReference = ED445B4FA3ED6E16D956D3D4 /* Pods-TestApp.debug.xcconfig */;
			buildSettings = {
				ASSETCATALOG_COMPILER_APPICON_NAME = AppIcon;
				CODE_SIGN_STYLE = Automatic;
				INFOPLIST_FILE = TestApp/Info.plist;
				LD_RUNPATH_SEARCH_PATHS = "$(inherited) @executable_path/Frameworks";
				PRODUCT_BUNDLE_IDENTIFIER = com.alinaprotsyuk.TestApp;
				PRODUCT_NAME = "$(TARGET_NAME)";
				SWIFT_VERSION = 4.0;
				TARGETED_DEVICE_FAMILY = "1,2";
			};
			name = Debug;
		};
		C714D0A41FD7F1BE00A15970 /* Release */ = {
			isa = XCBuildConfiguration;
			baseConfigurationReference = EC247A5EF5B11FFA7C9C7BB6 /* Pods-TestApp.release.xcconfig */;
			buildSettings = {
				ASSETCATALOG_COMPILER_APPICON_NAME = AppIcon;
				CODE_SIGN_STYLE = Automatic;
				INFOPLIST_FILE = TestApp/Info.plist;
				LD_RUNPATH_SEARCH_PATHS = "$(inherited) @executable_path/Frameworks";
				PRODUCT_BUNDLE_IDENTIFIER = com.alinaprotsyuk.TestApp;
				PRODUCT_NAME = "$(TARGET_NAME)";
				SWIFT_VERSION = 4.0;
				TARGETED_DEVICE_FAMILY = "1,2";
			};
			name = Release;
		};
/* End XCBuildConfiguration section */

/* Begin XCConfigurationList section */
		C714D0891FD7F1BE00A15970 /* Build configuration list for PBXProject "TestApp" */ = {
			isa = XCConfigurationList;
			buildConfigurations = (
				C714D0A01FD7F1BE00A15970 /* Debug */,
				C714D0A11FD7F1BE00A15970 /* Release */,
			);
			defaultConfigurationIsVisible = 0;
			defaultConfigurationName = Release;
		};
		C714D0A21FD7F1BE00A15970 /* Build configuration list for PBXNativeTarget "TestApp" */ = {
			isa = XCConfigurationList;
			buildConfigurations = (
				C714D0A31FD7F1BE00A15970 /* Debug */,
				C714D0A41FD7F1BE00A15970 /* Release */,
			);
			defaultConfigurationIsVisible = 0;
			defaultConfigurationName = Release;
		};
/* End XCConfigurationList section */
	};
	rootObject = C714D0861FD7F1BE00A15970 /* Project object */;
}
